
Microsoft Visual Studio Solution File, Format Version 12.00
# Visual Studio 15
VisualStudioVersion = 15.0.28307.1267
MinimumVisualStudioVersion = 10.0.40219.1
Project("{FAE04EC0-301F-11D3-BF4B-00C04F79EFBC}") = "Task3_1", "Task3_1\Task3_1.csproj", "{9ADCBB43-46C6-413C-B77B-44AC1A557DBE}"
EndProject
Global
	GlobalSection(SolutionConfigurationPlatforms) = preSolution
		Debug|Any CPU = Debug|Any CPU
		Release|Any CPU = Release|Any CPU
	EndGlobalSection
	GlobalSection(ProjectConfigurationPlatforms) = postSolution
		{9ADCBB43-46C6-413C-B77B-44AC1A557DBE}.Debug|Any CPU.ActiveCfg = Debug|Any CPU
		{9ADCBB43-46C6-413C-B77B-44AC1A557DBE}.Debug|Any CPU.Build.0 = Debug|Any CPU
		{9ADCBB43-46C6-413C-B77B-44AC1A557DBE}.Release|Any CPU.ActiveCfg = Release|Any CPU
		{9ADCBB43-46C6-413C-B77B-44AC1A557DBE}.Release|Any CPU.Build.0 = Release|Any CPU
	EndGlobalSection
	GlobalSection(SolutionProperties) = preSolution
		HideSolutionNode = FALSE
	EndGlobalSection
	GlobalSection(ExtensibilityGlobals) = postSolution
		SolutionGuid = {C0DFF07D-8698-4F03-8BFC-8C9277A7876B}
	EndGlobalSection
EndGlobal
